
Microsoft Visual Studio Solution File, Format Version 11.00
# Visual Studio 2010
Project("{8BC9CEB8-8B4A-11D0-8D11-00A0C91BC942}") = "Compiler", "Compiler\Compiler.vcxproj", "{68922844-89DB-4C27-BA78-D4BA2A161D50}"
EndProject
Project("{8BC9CEB8-8B4A-11D0-8D11-00A0C91BC942}") = "C", "C\C.vcxproj", "{98633731-164C-4572-80B0-E7779A804B67}"
EndProject
Global
	GlobalSection(SolutionConfigurationPlatforms) = preSolution
		Debug|Win32 = Debug|Win32
		Release|Win32 = Release|Win32
	EndGlobalSection
	GlobalSection(ProjectConfigurationPlatforms) = postSolution
		{68922844-89DB-4C27-BA78-D4BA2A161D50}.Debug|Win32.ActiveCfg = Debug|Win32
		{68922844-89DB-4C27-BA78-D4BA2A161D50}.Debug|Win32.Build.0 = Debug|Win32
		{68922844-89DB-4C27-BA78-D4BA2A161D50}.Release|Win32.ActiveCfg = Release|Win32
		{68922844-89DB-4C27-BA78-D4BA2A161D50}.Release|Win32.Build.0 = Release|Win32
		{98633731-164C-4572-80B0-E7779A804B67}.Debug|Win32.ActiveCfg = Debug|Win32
		{98633731-164C-4572-80B0-E7779A804B67}.Debug|Win32.Build.0 = Debug|Win32
		{98633731-164C-4572-80B0-E7779A804B67}.Release|Win32.ActiveCfg = Release|Win32
		{98633731-164C-4572-80B0-E7779A804B67}.Release|Win32.Build.0 = Release|Win32
	EndGlobalSection
	GlobalSection(SolutionProperties) = preSolution
		HideSolutionNode = FALSE
	EndGlobalSection
EndGlobal
